
Microsoft Visual Studio Solution File, Format Version 12.00
# Visual Studio Version 17
VisualStudioVersion = 17.7.34221.43
MinimumVisualStudioVersion = 10.0.40219.1
Project("{9A19103F-16F7-4668-BE54-9A1E7A4F7556}") = "Business", "Business\Business.csproj", "{86636808-1A81-4E5B-A3B9-17DC436257CB}"
EndProject
Project("{9A19103F-16F7-4668-BE54-9A1E7A4F7556}") = "Entities", "Entities\Entities.csproj", "{8BB817AE-9270-4ABE-8C9A-6AE312CF295C}"
EndProject
Project("{9A19103F-16F7-4668-BE54-9A1E7A4F7556}") = "DataAccess", "DataAccess\DataAccess.csproj", "{38BA9493-C7C3-471A-8F8E-0285C4959C6A}"
EndProject
Project("{9A19103F-16F7-4668-BE54-9A1E7A4F7556}") = "ConsoleUI", "ConsoleUI\ConsoleUI.csproj", "{7A7EA1F4-8047-411C-9190-B205C6EBF8E3}"
EndProject
Project("{9A19103F-16F7-4668-BE54-9A1E7A4F7556}") = "Core", "Core\Core.csproj", "{D9FFEF47-9652-4B02-B47E-3FB8B48DE47E}"
EndProject
Project("{FAE04EC0-301F-11D3-BF4B-00C04F79EFBC}") = "WebAPI", "WebAPI\WebAPI.csproj", "{C9EDF5F9-A5EF-4AD2-B307-A0D1A3B2B022}"
EndProject
Global
	GlobalSection(SolutionConfigurationPlatforms) = preSolution
		Debug|Any CPU = Debug|Any CPU
		Release|Any CPU = Release|Any CPU
	EndGlobalSection
	GlobalSection(ProjectConfigurationPlatforms) = postSolution
		{86636808-1A81-4E5B-A3B9-17DC436257CB}.Debug|Any CPU.ActiveCfg = Debug|Any CPU
		{86636808-1A81-4E5B-A3B9-17DC436257CB}.Debug|Any CPU.Build.0 = Debug|Any CPU
		{86636808-1A81-4E5B-A3B9-17DC436257CB}.Release|Any CPU.ActiveCfg = Release|Any CPU
		{86636808-1A81-4E5B-A3B9-17DC436257CB}.Release|Any CPU.Build.0 = Release|Any CPU
		{8BB817AE-9270-4ABE-8C9A-6AE312CF295C}.Debug|Any CPU.ActiveCfg = Debug|Any CPU
		{8BB817AE-9270-4ABE-8C9A-6AE312CF295C}.Debug|Any CPU.Build.0 = Debug|Any CPU
		{8BB817AE-9270-4ABE-8C9A-6AE312CF295C}.Release|Any CPU.ActiveCfg = Release|Any CPU
		{8BB817AE-9270-4ABE-8C9A-6AE312CF295C}.Release|Any CPU.Build.0 = Release|Any CPU
		{38BA9493-C7C3-471A-8F8E-0285C4959C6A}.Debug|Any CPU.ActiveCfg = Debug|Any CPU
		{38BA9493-C7C3-471A-8F8E-0285C4959C6A}.Debug|Any CPU.Build.0 = Debug|Any CPU
		{38BA9493-C7C3-471A-8F8E-0285C4959C6A}.Release|Any CPU.ActiveCfg = Release|Any CPU
		{38BA9493-C7C3-471A-8F8E-0285C4959C6A}.Release|Any CPU.Build.0 = Release|Any CPU
		{7A7EA1F4-8047-411C-9190-B205C6EBF8E3}.Debug|Any CPU.ActiveCfg = Debug|Any CPU
		{7A7EA1F4-8047-411C-9190-B205C6EBF8E3}.Debug|Any CPU.Build.0 = Debug|Any CPU
		{7A7EA1F4-8047-411C-9190-B205C6EBF8E3}.Release|Any CPU.ActiveCfg = Release|Any CPU
		{7A7EA1F4-8047-411C-9190-B205C6EBF8E3}.Release|Any CPU.Build.0 = Release|Any CPU
		{D9FFEF47-9652-4B02-B47E-3FB8B48DE47E}.Debug|Any CPU.ActiveCfg = Debug|Any CPU
		{D9FFEF47-9652-4B02-B47E-3FB8B48DE47E}.Debug|Any CPU.Build.0 = Debug|Any CPU
		{D9FFEF47-9652-4B02-B47E-3FB8B48DE47E}.Release|Any CPU.ActiveCfg = Release|Any CPU
		{D9FFEF47-9652-4B02-B47E-3FB8B48DE47E}.Release|Any CPU.Build.0 = Release|Any CPU
		{C9EDF5F9-A5EF-4AD2-B307-A0D1A3B2B022}.Debug|Any CPU.ActiveCfg = Debug|Any CPU
		{C9EDF5F9-A5EF-4AD2-B307-A0D1A3B2B022}.Debug|Any CPU.Build.0 = Debug|Any CPU
		{C9EDF5F9-A5EF-4AD2-B307-A0D1A3B2B022}.Release|Any CPU.ActiveCfg = Release|Any CPU
		{C9EDF5F9-A5EF-4AD2-B307-A0D1A3B2B022}.Release|Any CPU.Build.0 = Release|Any CPU
	EndGlobalSection
	GlobalSection(SolutionProperties) = preSolution
		HideSolutionNode = FALSE
	EndGlobalSection
	GlobalSection(ExtensibilityGlobals) = postSolution
		SolutionGuid = {D96A53F6-AB12-4BFB-A3D9-43FEA0C49275}
	EndGlobalSection
EndGlobal
